
Microsoft Visual Studio Solution File, Format Version 12.00
# Visual Studio Version 16
VisualStudioVersion = 16.0.30804.86
MinimumVisualStudioVersion = 10.0.40219.1
Project("{FAE04EC0-301F-11D3-BF4B-00C04F79EFBC}") = "01-Wpf-Demo", "01-Wpf-Demo\01-Wpf-Demo.csproj", "{944BC71B-ACEE-4A98-9792-5BB8AB1ECDDE}"
EndProject
Project("{FAE04EC0-301F-11D3-BF4B-00C04F79EFBC}") = "02_Scitacka", "02_Scitacka\02_Scitacka.csproj", "{FFFA2ED1-74FB-4380-A434-D0A7DF240864}"
EndProject
Global
	GlobalSection(SolutionConfigurationPlatforms) = preSolution
		Debug|Any CPU = Debug|Any CPU
		Release|Any CPU = Release|Any CPU
	EndGlobalSection
	GlobalSection(ProjectConfigurationPlatforms) = postSolution
		{944BC71B-ACEE-4A98-9792-5BB8AB1ECDDE}.Debug|Any CPU.ActiveCfg = Debug|Any CPU
		{944BC71B-ACEE-4A98-9792-5BB8AB1ECDDE}.Debug|Any CPU.Build.0 = Debug|Any CPU
		{944BC71B-ACEE-4A98-9792-5BB8AB1ECDDE}.Release|Any CPU.ActiveCfg = Release|Any CPU
		{944BC71B-ACEE-4A98-9792-5BB8AB1ECDDE}.Release|Any CPU.Build.0 = Release|Any CPU
		{FFFA2ED1-74FB-4380-A434-D0A7DF240864}.Debug|Any CPU.ActiveCfg = Debug|Any CPU
		{FFFA2ED1-74FB-4380-A434-D0A7DF240864}.Debug|Any CPU.Build.0 = Debug|Any CPU
		{FFFA2ED1-74FB-4380-A434-D0A7DF240864}.Release|Any CPU.ActiveCfg = Release|Any CPU
		{FFFA2ED1-74FB-4380-A434-D0A7DF240864}.Release|Any CPU.Build.0 = Release|Any CPU
	EndGlobalSection
	GlobalSection(SolutionProperties) = preSolution
		HideSolutionNode = FALSE
	EndGlobalSection
	GlobalSection(ExtensibilityGlobals) = postSolution
		SolutionGuid = {147E9011-5C19-4B07-AD92-E206FD1C6DD4}
	EndGlobalSection
EndGlobal
