
Microsoft Visual Studio Solution File, Format Version 12.00
# Visual Studio Version 16
VisualStudioVersion = 16.0.30804.86
MinimumVisualStudioVersion = 10.0.40219.1
Project("{FAE04EC0-301F-11D3-BF4B-00C04F79EFBC}") = "01-Wpf-Demo", "01-Wpf-Demo\01-Wpf-Demo.csproj", "{944BC71B-ACEE-4A98-9792-5BB8AB1ECDDE}"
EndProject
Project("{FAE04EC0-301F-11D3-BF4B-00C04F79EFBC}") = "02_Scitacka", "02_Scitacka\02_Scitacka.csproj", "{FFFA2ED1-74FB-4380-A434-D0A7DF240864}"
EndProject
Project("{FAE04EC0-301F-11D3-BF4B-00C04F79EFBC}") = "03-MessageBox", "03-MessageBox\03-MessageBox.csproj", "{724F8DDD-780A-404C-B16F-0AF3F23BE163}"
EndProject
Project("{FAE04EC0-301F-11D3-BF4B-00C04F79EFBC}") = "04-CheckBox", "04-CheckBox\04-CheckBox.csproj", "{4C5D3044-A241-454A-8FF9-C7D6F2CEEB6C}"
EndProject
Project("{FAE04EC0-301F-11D3-BF4B-00C04F79EFBC}") = "05-ODesetVic", "05-ODesetVic\05-ODesetVic.csproj", "{E339CE66-EC7C-47D1-BFC3-36FEA8DFCA2A}"
EndProject
Project("{FAE04EC0-301F-11D3-BF4B-00C04F79EFBC}") = "06-ScitackaII", "06-ScitackaII\06-ScitackaII.csproj", "{1F4AC7B6-BE7D-4FCA-91F0-C7A44EA59A63}"
EndProject
Project("{FAE04EC0-301F-11D3-BF4B-00C04F79EFBC}") = "07-Omalovanky", "07-Omalovanky\07-Omalovanky.csproj", "{98C2E010-27AF-4B23-BF3D-D36CC92C4B46}"
EndProject
Project("{FAE04EC0-301F-11D3-BF4B-00C04F79EFBC}") = "07a-Omalovanky_v2", "07a-Omalovanky_v2\07a-Omalovanky_v2.csproj", "{7B92E714-9D27-4258-A741-A18A19394DF0}"
EndProject
Project("{FAE04EC0-301F-11D3-BF4B-00C04F79EFBC}") = "09-SentenceSwap", "09-SentenceSwap\09-SentenceSwap.csproj", "{ABF83F6F-88D0-46FB-8165-6A5A1A2A7A64}"
EndProject
Project("{FAE04EC0-301F-11D3-BF4B-00C04F79EFBC}") = "11-DPH_kalkulacka", "11-DPH_kalkulacka\11-DPH_kalkulacka.csproj", "{8638671E-EDB0-494D-B1E9-8DCF05139977}"
EndProject
Project("{FAE04EC0-301F-11D3-BF4B-00C04F79EFBC}") = "12-FotoProhlizec", "12-FotoProhlizec\12-FotoProhlizec.csproj", "{61EDB97A-0D08-4C8D-9323-130CEB930D1D}"
EndProject
Project("{FAE04EC0-301F-11D3-BF4B-00C04F79EFBC}") = "13-PodminenyRadio", "13-PodminenyRadio\13-PodminenyRadio.csproj", "{8BAEB231-AA83-4114-B887-8554E3C7DB74}"
EndProject
Project("{FAE04EC0-301F-11D3-BF4B-00C04F79EFBC}") = "08-Tajny-text", "08-Tajny-text\08-Tajny-text.csproj", "{8DBEA36D-952C-48D5-B973-76FB483E0C75}"
EndProject
Project("{FAE04EC0-301F-11D3-BF4B-00C04F79EFBC}") = "14-StackPanel", "14-StackPanel\14-StackPanel.csproj", "{E165D3F1-C7C0-420B-A7F6-D8AF8C25D94D}"
EndProject
Project("{FAE04EC0-301F-11D3-BF4B-00C04F79EFBC}") = "15-Grid", "15-Grid\15-Grid.csproj", "{2DE728BF-EB35-4E26-BF4A-F1B203A0E987}"
EndProject
Project("{FAE04EC0-301F-11D3-BF4B-00C04F79EFBC}") = "16-Calculator", "16-Calculator\16-Calculator.csproj", "{22AF1159-5CFE-45AD-AB45-4D555CE7DED1}"
EndProject
Global
	GlobalSection(SolutionConfigurationPlatforms) = preSolution
		Debug|Any CPU = Debug|Any CPU
		Release|Any CPU = Release|Any CPU
	EndGlobalSection
	GlobalSection(ProjectConfigurationPlatforms) = postSolution
		{944BC71B-ACEE-4A98-9792-5BB8AB1ECDDE}.Debug|Any CPU.ActiveCfg = Debug|Any CPU
		{944BC71B-ACEE-4A98-9792-5BB8AB1ECDDE}.Debug|Any CPU.Build.0 = Debug|Any CPU
		{944BC71B-ACEE-4A98-9792-5BB8AB1ECDDE}.Release|Any CPU.ActiveCfg = Release|Any CPU
		{944BC71B-ACEE-4A98-9792-5BB8AB1ECDDE}.Release|Any CPU.Build.0 = Release|Any CPU
		{FFFA2ED1-74FB-4380-A434-D0A7DF240864}.Debug|Any CPU.ActiveCfg = Debug|Any CPU
		{FFFA2ED1-74FB-4380-A434-D0A7DF240864}.Debug|Any CPU.Build.0 = Debug|Any CPU
		{FFFA2ED1-74FB-4380-A434-D0A7DF240864}.Release|Any CPU.ActiveCfg = Release|Any CPU
		{FFFA2ED1-74FB-4380-A434-D0A7DF240864}.Release|Any CPU.Build.0 = Release|Any CPU
		{724F8DDD-780A-404C-B16F-0AF3F23BE163}.Debug|Any CPU.ActiveCfg = Debug|Any CPU
		{724F8DDD-780A-404C-B16F-0AF3F23BE163}.Debug|Any CPU.Build.0 = Debug|Any CPU
		{724F8DDD-780A-404C-B16F-0AF3F23BE163}.Release|Any CPU.ActiveCfg = Release|Any CPU
		{724F8DDD-780A-404C-B16F-0AF3F23BE163}.Release|Any CPU.Build.0 = Release|Any CPU
		{4C5D3044-A241-454A-8FF9-C7D6F2CEEB6C}.Debug|Any CPU.ActiveCfg = Debug|Any CPU
		{4C5D3044-A241-454A-8FF9-C7D6F2CEEB6C}.Debug|Any CPU.Build.0 = Debug|Any CPU
		{4C5D3044-A241-454A-8FF9-C7D6F2CEEB6C}.Release|Any CPU.ActiveCfg = Release|Any CPU
		{4C5D3044-A241-454A-8FF9-C7D6F2CEEB6C}.Release|Any CPU.Build.0 = Release|Any CPU
		{E339CE66-EC7C-47D1-BFC3-36FEA8DFCA2A}.Debug|Any CPU.ActiveCfg = Debug|Any CPU
		{E339CE66-EC7C-47D1-BFC3-36FEA8DFCA2A}.Debug|Any CPU.Build.0 = Debug|Any CPU
		{E339CE66-EC7C-47D1-BFC3-36FEA8DFCA2A}.Release|Any CPU.ActiveCfg = Release|Any CPU
		{E339CE66-EC7C-47D1-BFC3-36FEA8DFCA2A}.Release|Any CPU.Build.0 = Release|Any CPU
		{1F4AC7B6-BE7D-4FCA-91F0-C7A44EA59A63}.Debug|Any CPU.ActiveCfg = Debug|Any CPU
		{1F4AC7B6-BE7D-4FCA-91F0-C7A44EA59A63}.Debug|Any CPU.Build.0 = Debug|Any CPU
		{1F4AC7B6-BE7D-4FCA-91F0-C7A44EA59A63}.Release|Any CPU.ActiveCfg = Release|Any CPU
		{1F4AC7B6-BE7D-4FCA-91F0-C7A44EA59A63}.Release|Any CPU.Build.0 = Release|Any CPU
		{98C2E010-27AF-4B23-BF3D-D36CC92C4B46}.Debug|Any CPU.ActiveCfg = Debug|Any CPU
		{98C2E010-27AF-4B23-BF3D-D36CC92C4B46}.Debug|Any CPU.Build.0 = Debug|Any CPU
		{98C2E010-27AF-4B23-BF3D-D36CC92C4B46}.Release|Any CPU.ActiveCfg = Release|Any CPU
		{98C2E010-27AF-4B23-BF3D-D36CC92C4B46}.Release|Any CPU.Build.0 = Release|Any CPU
		{7B92E714-9D27-4258-A741-A18A19394DF0}.Debug|Any CPU.ActiveCfg = Debug|Any CPU
		{7B92E714-9D27-4258-A741-A18A19394DF0}.Debug|Any CPU.Build.0 = Debug|Any CPU
		{7B92E714-9D27-4258-A741-A18A19394DF0}.Release|Any CPU.ActiveCfg = Release|Any CPU
		{7B92E714-9D27-4258-A741-A18A19394DF0}.Release|Any CPU.Build.0 = Release|Any CPU
		{ABF83F6F-88D0-46FB-8165-6A5A1A2A7A64}.Debug|Any CPU.ActiveCfg = Debug|Any CPU
		{ABF83F6F-88D0-46FB-8165-6A5A1A2A7A64}.Debug|Any CPU.Build.0 = Debug|Any CPU
		{ABF83F6F-88D0-46FB-8165-6A5A1A2A7A64}.Release|Any CPU.ActiveCfg = Release|Any CPU
		{ABF83F6F-88D0-46FB-8165-6A5A1A2A7A64}.Release|Any CPU.Build.0 = Release|Any CPU
		{8638671E-EDB0-494D-B1E9-8DCF05139977}.Debug|Any CPU.ActiveCfg = Debug|Any CPU
		{8638671E-EDB0-494D-B1E9-8DCF05139977}.Debug|Any CPU.Build.0 = Debug|Any CPU
		{8638671E-EDB0-494D-B1E9-8DCF05139977}.Release|Any CPU.ActiveCfg = Release|Any CPU
		{8638671E-EDB0-494D-B1E9-8DCF05139977}.Release|Any CPU.Build.0 = Release|Any CPU
		{61EDB97A-0D08-4C8D-9323-130CEB930D1D}.Debug|Any CPU.ActiveCfg = Debug|Any CPU
		{61EDB97A-0D08-4C8D-9323-130CEB930D1D}.Debug|Any CPU.Build.0 = Debug|Any CPU
		{61EDB97A-0D08-4C8D-9323-130CEB930D1D}.Release|Any CPU.ActiveCfg = Release|Any CPU
		{61EDB97A-0D08-4C8D-9323-130CEB930D1D}.Release|Any CPU.Build.0 = Release|Any CPU
		{8BAEB231-AA83-4114-B887-8554E3C7DB74}.Debug|Any CPU.ActiveCfg = Debug|Any CPU
		{8BAEB231-AA83-4114-B887-8554E3C7DB74}.Debug|Any CPU.Build.0 = Debug|Any CPU
		{8BAEB231-AA83-4114-B887-8554E3C7DB74}.Release|Any CPU.ActiveCfg = Release|Any CPU
		{8BAEB231-AA83-4114-B887-8554E3C7DB74}.Release|Any CPU.Build.0 = Release|Any CPU
		{8DBEA36D-952C-48D5-B973-76FB483E0C75}.Debug|Any CPU.ActiveCfg = Debug|Any CPU
		{8DBEA36D-952C-48D5-B973-76FB483E0C75}.Debug|Any CPU.Build.0 = Debug|Any CPU
		{8DBEA36D-952C-48D5-B973-76FB483E0C75}.Release|Any CPU.ActiveCfg = Release|Any CPU
		{8DBEA36D-952C-48D5-B973-76FB483E0C75}.Release|Any CPU.Build.0 = Release|Any CPU
		{E165D3F1-C7C0-420B-A7F6-D8AF8C25D94D}.Debug|Any CPU.ActiveCfg = Debug|Any CPU
		{E165D3F1-C7C0-420B-A7F6-D8AF8C25D94D}.Debug|Any CPU.Build.0 = Debug|Any CPU
		{E165D3F1-C7C0-420B-A7F6-D8AF8C25D94D}.Release|Any CPU.ActiveCfg = Release|Any CPU
		{E165D3F1-C7C0-420B-A7F6-D8AF8C25D94D}.Release|Any CPU.Build.0 = Release|Any CPU
		{2DE728BF-EB35-4E26-BF4A-F1B203A0E987}.Debug|Any CPU.ActiveCfg = Debug|Any CPU
		{2DE728BF-EB35-4E26-BF4A-F1B203A0E987}.Debug|Any CPU.Build.0 = Debug|Any CPU
		{2DE728BF-EB35-4E26-BF4A-F1B203A0E987}.Release|Any CPU.ActiveCfg = Release|Any CPU
		{2DE728BF-EB35-4E26-BF4A-F1B203A0E987}.Release|Any CPU.Build.0 = Release|Any CPU
		{22AF1159-5CFE-45AD-AB45-4D555CE7DED1}.Debug|Any CPU.ActiveCfg = Debug|Any CPU
		{22AF1159-5CFE-45AD-AB45-4D555CE7DED1}.Debug|Any CPU.Build.0 = Debug|Any CPU
		{22AF1159-5CFE-45AD-AB45-4D555CE7DED1}.Release|Any CPU.ActiveCfg = Release|Any CPU
		{22AF1159-5CFE-45AD-AB45-4D555CE7DED1}.Release|Any CPU.Build.0 = Release|Any CPU
	EndGlobalSection
	GlobalSection(SolutionProperties) = preSolution
		HideSolutionNode = FALSE
	EndGlobalSection
	GlobalSection(ExtensibilityGlobals) = postSolution
		SolutionGuid = {147E9011-5C19-4B07-AD92-E206FD1C6DD4}
	EndGlobalSection
EndGlobal
